
Microsoft Visual Studio Solution File, Format Version 12.00
# Visual Studio Version 17
VisualStudioVersion = 17.7.34031.279
MinimumVisualStudioVersion = 10.0.40219.1
Project("{FAE04EC0-301F-11D3-BF4B-00C04F79EFBC}") = "apiDemo", "apiDemo\apiDemo.csproj", "{B5604D77-E56A-4012-BB8C-AC60D096DC08}"
EndProject
Global
	GlobalSection(SolutionConfigurationPlatforms) = preSolution
		Debug|Any CPU = Debug|Any CPU
		Release|Any CPU = Release|Any CPU
	EndGlobalSection
	GlobalSection(ProjectConfigurationPlatforms) = postSolution
		{B5604D77-E56A-4012-BB8C-AC60D096DC08}.Debug|Any CPU.ActiveCfg = Debug|Any CPU
		{B5604D77-E56A-4012-BB8C-AC60D096DC08}.Debug|Any CPU.Build.0 = Debug|Any CPU
		{B5604D77-E56A-4012-BB8C-AC60D096DC08}.Release|Any CPU.ActiveCfg = Release|Any CPU
		{B5604D77-E56A-4012-BB8C-AC60D096DC08}.Release|Any CPU.Build.0 = Release|Any CPU
	EndGlobalSection
	GlobalSection(SolutionProperties) = preSolution
		HideSolutionNode = FALSE
	EndGlobalSection
	GlobalSection(ExtensibilityGlobals) = postSolution
		SolutionGuid = {D6218076-9EED-4B83-B2EE-11D8B273D69C}
	EndGlobalSection
EndGlobal
